
Microsoft Visual Studio Solution File, Format Version 12.00
# Visual Studio Version 16
VisualStudioVersion = 16.0.29318.209
MinimumVisualStudioVersion = 10.0.40219.1
Project("{FAE04EC0-301F-11D3-BF4B-00C04F79EFBC}") = "verlet-sound-visual", "verlet-sound-visual\verlet-sound-visual.csproj", "{98263F40-9047-4FF4-8457-448A88E5B283}"
EndProject
Global
	GlobalSection(SolutionConfigurationPlatforms) = preSolution
		Debug|Any CPU = Debug|Any CPU
		Release|Any CPU = Release|Any CPU
	EndGlobalSection
	GlobalSection(ProjectConfigurationPlatforms) = postSolution
		{98263F40-9047-4FF4-8457-448A88E5B283}.Debug|Any CPU.ActiveCfg = Debug|Any CPU
		{98263F40-9047-4FF4-8457-448A88E5B283}.Debug|Any CPU.Build.0 = Debug|Any CPU
		{98263F40-9047-4FF4-8457-448A88E5B283}.Release|Any CPU.ActiveCfg = Release|Any CPU
		{98263F40-9047-4FF4-8457-448A88E5B283}.Release|Any CPU.Build.0 = Release|Any CPU
	EndGlobalSection
	GlobalSection(SolutionProperties) = preSolution
		HideSolutionNode = FALSE
	EndGlobalSection
	GlobalSection(ExtensibilityGlobals) = postSolution
		SolutionGuid = {6B27EF82-2332-426A-A2E0-886FE0AFF201}
	EndGlobalSection
EndGlobal
